{
  "name": "angular-survey-frontend",
  "version": "1.0.0",
  "lockfileVersion": 2,
  "requires": true,
  "packages": {
    "": {
      "name": "angular-survey-frontend",
      "version": "1.0.0",
      "dependencies": {
        "angular": "1.7.5",
        "angular-animate": "1.7.5",
        "angular-aria": "1.7.5",
        "angular-base64": "2.0.5",
        "angular-material": "1.1.10",
        "angular-material-data-table": "0.10.10",
        "angular-material-time-picker": "1.0.8",
        "angular-messages": "1.7.5",
        "angular-resource": "1.7.5",
        "angular-translate": "2.18.1",
        "angular-ui-router": "1.0.20",
        "material-icons": "0.2.3",
        "rx-angular": "0.0.14"
      }
    },
    "node_modules/@uirouter/core": {
      "version": "5.0.21",
      "resolved": "https://registry.npmjs.org/@uirouter/core/-/core-5.0.21.tgz",
      "integrity": "sha512-QWHc0wT00qtYNkT0BXZaFNLLHZyux0qJjF8c2WklW5/Q0Z866NoJjJErEMWjQb/AR+olkR2NlfEEi8KTQU2OpA==",
      "engines": {
        "node": ">=4.0.0"
      }
    },
    "node_modules/angular": {
      "version": "1.7.5",
      "resolved": "https://registry.npmjs.org/angular/-/angular-1.7.5.tgz",
      "integrity": "sha512-760183yxtGzni740IBTieNuWLtPNAoMqvmC0Z62UoU0I3nqk+VJuO3JbQAXOyvo3Oy/ZsdNQwrSTh/B0OQZjNw=="
    },
    "node_modules/angular-animate": {
      "version": "1.7.5",
      "resolved": "https://registry.npmjs.org/angular-animate/-/angular-animate-1.7.5.tgz",
      "integrity": "sha512-kU/fHIGf2a4a3bH7E1tzALTHk+QfoUSCK9fEcMFisd6ZWvNDwPzXWAilItqOC3EDiAXPmGHaNc9/aXiD9xrAxQ=="
    },
    "node_modules/angular-aria": {
      "version": "1.7.5",
      "resolved": "https://registry.npmjs.org/angular-aria/-/angular-aria-1.7.5.tgz",
      "integrity": "sha512-X2dGRw+PK7hrV7/X1Ns4e5P3KC/OBFi1l7z//D/v7zbZObsAx48qBoX7unsck+s4+mnO+ikNNkHG5N49VfAyRw=="
    },
    "node_modules/angular-base64": {
      "version": "2.0.5",
      "resolved": "https://registry.npmjs.org/angular-base64/-/angular-base64-2.0.5.tgz",
      "integrity": "sha1-EyVVYq0cjoygm5xLH075ZqxM0JM=",
      "dependencies": {
        "angular": ">= 1.0.8"
      }
    },
    "node_modules/angular-material": {
      "version": "1.1.10",
      "resolved": "https://registry.npmjs.org/angular-material/-/angular-material-1.1.10.tgz",
      "integrity": "sha512-LfBt5a1AVPbtsFzbmAyyZj90Gtc1U94OGtfMEauGzwsfqTnbH/y/9dtndH84N9S65wXkBoBe3VG6kfyoQSeCVw==",
      "peerDependencies": {
        "angular": "1.4 - 1.7.0 || ^1.7.2",
        "angular-animate": "1.4 - 1.7.0 || ^1.7.2",
        "angular-aria": "1.4 - 1.7.0 || ^1.7.2",
        "angular-messages": "1.4 - 1.7.0 || ^1.7.2"
      }
    },
    "node_modules/angular-material-data-table": {
      "version": "0.10.10",
      "resolved": "https://registry.npmjs.org/angular-material-data-table/-/angular-material-data-table-0.10.10.tgz",
      "integrity": "sha1-IptAJ0XsGhRvB9qNHlJr5lQISe4=",
      "peerDependencies": {
        "angular": "^1.4.0",
        "angular-material": "^1.0.0"
      }
    },
    "node_modules/angular-material-time-picker": {
      "version": "1.0.8",
      "resolved": "https://registry.npmjs.org/angular-material-time-picker/-/angular-material-time-picker-1.0.8.tgz",
      "integrity": "sha1-x1aVtoalduIAKW6ETjAquh8ky0o=",
      "peerDependencies": {
        "angular": "^1.5.0",
        "angular-material": "^1.0.0"
      }
    },
    "node_modules/angular-messages": {
      "version": "1.7.5",
      "resolved": "https://registry.npmjs.org/angular-messages/-/angular-messages-1.7.5.tgz",
      "integrity": "sha512-YDpJpFLyrIgZjE/sIAjgww1y6r3QqXBJbNDI0QjftD37vHXLkwvAOo3A4bxPw8BikyGLcJrFrgf6hRAzntJIWA=="
    },
    "node_modules/angular-resource": {
      "version": "1.7.5",
      "resolved": "https://registry.npmjs.org/angular-resource/-/angular-resource-1.7.5.tgz",
      "integrity": "sha512-zlCKVNa2nnZNb4Lz3YFPKhsYG+v+t4STEsjkWRbii6PfwSrtH9R/zGpCOkBNFnq3naeZMMmd5aIIgHi5a7k9jA=="
    },
    "node_modules/angular-translate": {
      "version": "2.18.1",
      "resolved": "https://registry.npmjs.org/angular-translate/-/angular-translate-2.18.1.tgz",
      "integrity": "sha512-Mw0kFBqsv5j8ItL9IhRZunIlVmIRW6iFsiTmRs9wGr2QTt8z4rehYlWyHos8qnXc/kyOYJiW50iH50CSNHGB9A==",
      "dependencies": {
        "angular": ">=1.2.26 <=1.7"
      },
      "engines": {
        "node": "*"
      }
    },
    "node_modules/angular-ui-router": {
      "version": "1.0.20",
      "resolved": "https://registry.npmjs.org/angular-ui-router/-/angular-ui-router-1.0.20.tgz",
      "integrity": "sha512-D9Y+qOq6StinrlyeiHp7wbOBL5UbwaHW1dgpfQZ6fWuQ5Q5UOrJfe3S28XWDt8ybOKaUh2ds/IFXib5vCu8Opg==",
      "dependencies": {
        "@uirouter/core": "5.0.21"
      },
      "engines": {
        "node": ">=4.0.0"
      },
      "peerDependencies": {
        "angular": ">=1.2.0"
      }
    },
    "node_modules/material-icons": {
      "version": "0.2.3",
      "resolved": "https://registry.npmjs.org/material-icons/-/material-icons-0.2.3.tgz",
      "integrity": "sha512-1Q5wp4aeGWjE5POMtdLmqJn94QM7vmUCeJhNO5m0oDrtW1jfWlaLK73vF3C7/fuMD7NIVicyK8TSkwd+diFgaQ=="
    },
    "node_modules/rx": {
      "version": "4.1.0",
      "resolved": "https://registry.npmjs.org/rx/-/rx-4.1.0.tgz",
      "integrity": "sha1-pfE/957zt0D+MKqAP7CfmIBdR4I="
    },
    "node_modules/rx-angular": {
      "version": "0.0.14",
      "resolved": "https://registry.npmjs.org/rx-angular/-/rx-angular-0.0.14.tgz",
      "integrity": "sha1-tbuTXkyWgBiF1ZAi0mzdwgf9mWA=",
      "dependencies": {
        "rx": "*"
      }
    }
  },
  "dependencies": {
    "@uirouter/core": {
      "version": "5.0.21",
      "resolved": "https://registry.npmjs.org/@uirouter/core/-/core-5.0.21.tgz",
      "integrity": "sha512-QWHc0wT00qtYNkT0BXZaFNLLHZyux0qJjF8c2WklW5/Q0Z866NoJjJErEMWjQb/AR+olkR2NlfEEi8KTQU2OpA=="
    },
    "angular": {
      "version": "1.7.5",
      "resolved": "https://registry.npmjs.org/angular/-/angular-1.7.5.tgz",
      "integrity": "sha512-760183yxtGzni740IBTieNuWLtPNAoMqvmC0Z62UoU0I3nqk+VJuO3JbQAXOyvo3Oy/ZsdNQwrSTh/B0OQZjNw=="
    },
    "angular-animate": {
      "version": "1.7.5",
      "resolved": "https://registry.npmjs.org/angular-animate/-/angular-animate-1.7.5.tgz",
      "integrity": "sha512-kU/fHIGf2a4a3bH7E1tzALTHk+QfoUSCK9fEcMFisd6ZWvNDwPzXWAilItqOC3EDiAXPmGHaNc9/aXiD9xrAxQ=="
    },
    "angular-aria": {
      "version": "1.7.5",
      "resolved": "https://registry.npmjs.org/angular-aria/-/angular-aria-1.7.5.tgz",
      "integrity": "sha512-X2dGRw+PK7hrV7/X1Ns4e5P3KC/OBFi1l7z//D/v7zbZObsAx48qBoX7unsck+s4+mnO+ikNNkHG5N49VfAyRw=="
    },
    "angular-base64": {
      "version": "2.0.5",
      "resolved": "https://registry.npmjs.org/angular-base64/-/angular-base64-2.0.5.tgz",
      "integrity": "sha1-EyVVYq0cjoygm5xLH075ZqxM0JM=",
      "requires": {
        "angular": ">= 1.0.8"
      }
    },
    "angular-material": {
      "version": "1.1.10",
      "resolved": "https://registry.npmjs.org/angular-material/-/angular-material-1.1.10.tgz",
      "integrity": "sha512-LfBt5a1AVPbtsFzbmAyyZj90Gtc1U94OGtfMEauGzwsfqTnbH/y/9dtndH84N9S65wXkBoBe3VG6kfyoQSeCVw==",
      "requires": {}
    },
    "angular-material-data-table": {
      "version": "0.10.10",
      "resolved": "https://registry.npmjs.org/angular-material-data-table/-/angular-material-data-table-0.10.10.tgz",
      "integrity": "sha1-IptAJ0XsGhRvB9qNHlJr5lQISe4=",
      "requires": {}
    },
    "angular-material-time-picker": {
      "version": "1.0.8",
      "resolved": "https://registry.npmjs.org/angular-material-time-picker/-/angular-material-time-picker-1.0.8.tgz",
      "integrity": "sha1-x1aVtoalduIAKW6ETjAquh8ky0o=",
      "requires": {}
    },
    "angular-messages": {
      "version": "1.7.5",
      "resolved": "https://registry.npmjs.org/angular-messages/-/angular-messages-1.7.5.tgz",
      "integrity": "sha512-YDpJpFLyrIgZjE/sIAjgww1y6r3QqXBJbNDI0QjftD37vHXLkwvAOo3A4bxPw8BikyGLcJrFrgf6hRAzntJIWA=="
    },
    "angular-resource": {
      "version": "1.7.5",
      "resolved": "https://registry.npmjs.org/angular-resource/-/angular-resource-1.7.5.tgz",
      "integrity": "sha512-zlCKVNa2nnZNb4Lz3YFPKhsYG+v+t4STEsjkWRbii6PfwSrtH9R/zGpCOkBNFnq3naeZMMmd5aIIgHi5a7k9jA=="
    },
    "angular-translate": {
      "version": "2.18.1",
      "resolved": "https://registry.npmjs.org/angular-translate/-/angular-translate-2.18.1.tgz",
      "integrity": "sha512-Mw0kFBqsv5j8ItL9IhRZunIlVmIRW6iFsiTmRs9wGr2QTt8z4rehYlWyHos8qnXc/kyOYJiW50iH50CSNHGB9A==",
      "requires": {
        "angular": ">=1.2.26 <=1.7"
      }
    },
    "angular-ui-router": {
      "version": "1.0.20",
      "resolved": "https://registry.npmjs.org/angular-ui-router/-/angular-ui-router-1.0.20.tgz",
      "integrity": "sha512-D9Y+qOq6StinrlyeiHp7wbOBL5UbwaHW1dgpfQZ6fWuQ5Q5UOrJfe3S28XWDt8ybOKaUh2ds/IFXib5vCu8Opg==",
      "requires": {
        "@uirouter/core": "5.0.21"
      }
    },
    "material-icons": {
      "version": "0.2.3",
      "resolved": "https://registry.npmjs.org/material-icons/-/material-icons-0.2.3.tgz",
      "integrity": "sha512-1Q5wp4aeGWjE5POMtdLmqJn94QM7vmUCeJhNO5m0oDrtW1jfWlaLK73vF3C7/fuMD7NIVicyK8TSkwd+diFgaQ=="
    },
    "rx": {
      "version": "4.1.0",
      "resolved": "https://registry.npmjs.org/rx/-/rx-4.1.0.tgz",
      "integrity": "sha1-pfE/957zt0D+MKqAP7CfmIBdR4I="
    },
    "rx-angular": {
      "version": "0.0.14",
      "resolved": "https://registry.npmjs.org/rx-angular/-/rx-angular-0.0.14.tgz",
      "integrity": "sha1-tbuTXkyWgBiF1ZAi0mzdwgf9mWA=",
      "requires": {
        "rx": "*"
      }
    }
  }
}
